
Microsoft Visual Studio Solution File, Format Version 12.00
# Visual Studio Version 17
VisualStudioVersion = 17.6.33801.468
MinimumVisualStudioVersion = 10.0.40219.1
Project("{FAE04EC0-301F-11D3-BF4B-00C04F79EFBC}") = "CSharpStepikHomework12-1-13", "CSharpStepikHomework12-1-13\CSharpStepikHomework12-1-13.csproj", "{9F68C52A-CAD8-4FC6-8AB6-39D93470458C}"
EndProject
Global
	GlobalSection(SolutionConfigurationPlatforms) = preSolution
		Debug|Any CPU = Debug|Any CPU
		Release|Any CPU = Release|Any CPU
	EndGlobalSection
	GlobalSection(ProjectConfigurationPlatforms) = postSolution
		{9F68C52A-CAD8-4FC6-8AB6-39D93470458C}.Debug|Any CPU.ActiveCfg = Debug|Any CPU
		{9F68C52A-CAD8-4FC6-8AB6-39D93470458C}.Debug|Any CPU.Build.0 = Debug|Any CPU
		{9F68C52A-CAD8-4FC6-8AB6-39D93470458C}.Release|Any CPU.ActiveCfg = Release|Any CPU
		{9F68C52A-CAD8-4FC6-8AB6-39D93470458C}.Release|Any CPU.Build.0 = Release|Any CPU
	EndGlobalSection
	GlobalSection(SolutionProperties) = preSolution
		HideSolutionNode = FALSE
	EndGlobalSection
	GlobalSection(ExtensibilityGlobals) = postSolution
		SolutionGuid = {D5AD5D31-2D88-4907-9DDB-E64CC8B718A8}
	EndGlobalSection
EndGlobal
