
Microsoft Visual Studio Solution File, Format Version 12.00
# Visual Studio Version 17
VisualStudioVersion = 17.6.33801.468
MinimumVisualStudioVersion = 10.0.40219.1
Project("{9A19103F-16F7-4668-BE54-9A1E7A4F7556}") = "CSharpStepikHomework12-1-13", "CSharpStepikHomework12-1-13\CSharpStepikHomework12-1-13.csproj", "{9F68C52A-CAD8-4FC6-8AB6-39D93470458C}"
EndProject
Project("{9A19103F-16F7-4668-BE54-9A1E7A4F7556}") = "CSharpStepikHomework12_1_12", "CSharpStepikHomework12_1_12\CSharpStepikHomework12_1_12.csproj", "{C221A1A8-5DFE-4B7B-B164-0491204F9758}"
EndProject
Project("{9A19103F-16F7-4668-BE54-9A1E7A4F7556}") = "Udemy101GuessTheNumber", "Udemy101GuessTheNumber\Udemy101GuessTheNumber.csproj", "{7DBC6A84-D099-4D2C-8702-0233544F2D1B}"
EndProject
Project("{9A19103F-16F7-4668-BE54-9A1E7A4F7556}") = "Udemy103TickTackToe", "Udemy103TickTackToe\Udemy103TickTackToe.csproj", "{7A06CE0C-E4C7-455E-8D51-732C27EF6C20}"
EndProject
Project("{9A19103F-16F7-4668-BE54-9A1E7A4F7556}") = "Udemy105GallowsGame", "Udemy105GallowsGame\Udemy105GallowsGame.csproj", "{5468E2DC-E005-423F-999A-34DD3BBBDE3C}"
EndProject
Project("{9A19103F-16F7-4668-BE54-9A1E7A4F7556}") = "Udemy109SticksGame", "SticksGame\Udemy109SticksGame.csproj", "{0760F203-4DA2-4AF5-A022-0293F88CDBBF}"
EndProject
Project("{9A19103F-16F7-4668-BE54-9A1E7A4F7556}") = "Udemy117ParseChessPlayersCsv", "Udemy117ParseChessPlayersCsv\Udemy117ParseChessPlayersCsv.csproj", "{A8263008-4CCE-48C8-9724-198F441600B1}"
EndProject
Project("{9A19103F-16F7-4668-BE54-9A1E7A4F7556}") = "Udemy119TrueOrFalseGame", "Udemy119TrueOrFalseGame\Udemy119TrueOrFalseGame.csproj", "{99B711CE-66B7-4469-A9FE-681F09E76CED}"
EndProject
Global
	GlobalSection(SolutionConfigurationPlatforms) = preSolution
		Debug|Any CPU = Debug|Any CPU
		Release|Any CPU = Release|Any CPU
	EndGlobalSection
	GlobalSection(ProjectConfigurationPlatforms) = postSolution
		{9F68C52A-CAD8-4FC6-8AB6-39D93470458C}.Debug|Any CPU.ActiveCfg = Debug|Any CPU
		{9F68C52A-CAD8-4FC6-8AB6-39D93470458C}.Debug|Any CPU.Build.0 = Debug|Any CPU
		{9F68C52A-CAD8-4FC6-8AB6-39D93470458C}.Release|Any CPU.ActiveCfg = Release|Any CPU
		{9F68C52A-CAD8-4FC6-8AB6-39D93470458C}.Release|Any CPU.Build.0 = Release|Any CPU
		{C221A1A8-5DFE-4B7B-B164-0491204F9758}.Debug|Any CPU.ActiveCfg = Debug|Any CPU
		{C221A1A8-5DFE-4B7B-B164-0491204F9758}.Debug|Any CPU.Build.0 = Debug|Any CPU
		{C221A1A8-5DFE-4B7B-B164-0491204F9758}.Release|Any CPU.ActiveCfg = Release|Any CPU
		{C221A1A8-5DFE-4B7B-B164-0491204F9758}.Release|Any CPU.Build.0 = Release|Any CPU
		{7DBC6A84-D099-4D2C-8702-0233544F2D1B}.Debug|Any CPU.ActiveCfg = Debug|Any CPU
		{7DBC6A84-D099-4D2C-8702-0233544F2D1B}.Debug|Any CPU.Build.0 = Debug|Any CPU
		{7DBC6A84-D099-4D2C-8702-0233544F2D1B}.Release|Any CPU.ActiveCfg = Release|Any CPU
		{7DBC6A84-D099-4D2C-8702-0233544F2D1B}.Release|Any CPU.Build.0 = Release|Any CPU
		{7A06CE0C-E4C7-455E-8D51-732C27EF6C20}.Debug|Any CPU.ActiveCfg = Debug|Any CPU
		{7A06CE0C-E4C7-455E-8D51-732C27EF6C20}.Debug|Any CPU.Build.0 = Debug|Any CPU
		{7A06CE0C-E4C7-455E-8D51-732C27EF6C20}.Release|Any CPU.ActiveCfg = Release|Any CPU
		{7A06CE0C-E4C7-455E-8D51-732C27EF6C20}.Release|Any CPU.Build.0 = Release|Any CPU
		{5468E2DC-E005-423F-999A-34DD3BBBDE3C}.Debug|Any CPU.ActiveCfg = Debug|Any CPU
		{5468E2DC-E005-423F-999A-34DD3BBBDE3C}.Debug|Any CPU.Build.0 = Debug|Any CPU
		{5468E2DC-E005-423F-999A-34DD3BBBDE3C}.Release|Any CPU.ActiveCfg = Release|Any CPU
		{5468E2DC-E005-423F-999A-34DD3BBBDE3C}.Release|Any CPU.Build.0 = Release|Any CPU
		{0760F203-4DA2-4AF5-A022-0293F88CDBBF}.Debug|Any CPU.ActiveCfg = Debug|Any CPU
		{0760F203-4DA2-4AF5-A022-0293F88CDBBF}.Debug|Any CPU.Build.0 = Debug|Any CPU
		{0760F203-4DA2-4AF5-A022-0293F88CDBBF}.Release|Any CPU.ActiveCfg = Release|Any CPU
		{0760F203-4DA2-4AF5-A022-0293F88CDBBF}.Release|Any CPU.Build.0 = Release|Any CPU
		{A8263008-4CCE-48C8-9724-198F441600B1}.Debug|Any CPU.ActiveCfg = Debug|Any CPU
		{A8263008-4CCE-48C8-9724-198F441600B1}.Debug|Any CPU.Build.0 = Debug|Any CPU
		{A8263008-4CCE-48C8-9724-198F441600B1}.Release|Any CPU.ActiveCfg = Release|Any CPU
		{A8263008-4CCE-48C8-9724-198F441600B1}.Release|Any CPU.Build.0 = Release|Any CPU
		{99B711CE-66B7-4469-A9FE-681F09E76CED}.Debug|Any CPU.ActiveCfg = Debug|Any CPU
		{99B711CE-66B7-4469-A9FE-681F09E76CED}.Debug|Any CPU.Build.0 = Debug|Any CPU
		{99B711CE-66B7-4469-A9FE-681F09E76CED}.Release|Any CPU.ActiveCfg = Release|Any CPU
		{99B711CE-66B7-4469-A9FE-681F09E76CED}.Release|Any CPU.Build.0 = Release|Any CPU
	EndGlobalSection
	GlobalSection(SolutionProperties) = preSolution
		HideSolutionNode = FALSE
	EndGlobalSection
	GlobalSection(ExtensibilityGlobals) = postSolution
		SolutionGuid = {D5AD5D31-2D88-4907-9DDB-E64CC8B718A8}
	EndGlobalSection
EndGlobal
